PODS:
  - ToastCollectionViewCell (0.1.0)

DEPENDENCIES:
  - ToastCollectionViewCell (from `../`)

EXTERNAL SOURCES:
  ToastCollectionViewCell:
    :path: "../"

SPEC CHECKSUMS:
  ToastCollectionViewCell: 4036ca907f4aed50fb19e0d133dfe1b49a09e9df

PODFILE CHECKSUM: faaf15ea6ed7e503dfb0a7937ea383010718cde0

COCOAPODS: 1.5.3
